
Microsoft Visual Studio Solution File, Format Version 12.00
# Visual Studio Version 16
VisualStudioVersion = 16.0.29806.167
MinimumVisualStudioVersion = 10.0.40219.1
Project("{FAE04EC0-301F-11D3-BF4B-00C04F79EFBC}") = "DNCExamples.Api", "DNCExamples.Api\DNCExamples.Api.csproj", "{FD0A4F96-C2AD-41D2-8F06-E332590928F3}"
EndProject
Project("{FAE04EC0-301F-11D3-BF4B-00C04F79EFBC}") = "DNCExamples.Common", "DNCExamples.Common\DNCExamples.Common.csproj", "{0F50AFAD-8482-4D60-8AE0-FDF251146401}"
EndProject
Project("{FAE04EC0-301F-11D3-BF4B-00C04F79EFBC}") = "DNCExamples.Common.Tests", "DNCExamples.Common.Tests\DNCExamples.Common.Tests.csproj", "{95748E87-551F-4A29-AEC5-5D74CE8ECC44}"
EndProject
Global
	GlobalSection(SolutionConfigurationPlatforms) = preSolution
		Debug|Any CPU = Debug|Any CPU
		Release|Any CPU = Release|Any CPU
	EndGlobalSection
	GlobalSection(ProjectConfigurationPlatforms) = postSolution
		{FD0A4F96-C2AD-41D2-8F06-E332590928F3}.Debug|Any CPU.ActiveCfg = Debug|Any CPU
		{FD0A4F96-C2AD-41D2-8F06-E332590928F3}.Debug|Any CPU.Build.0 = Debug|Any CPU
		{FD0A4F96-C2AD-41D2-8F06-E332590928F3}.Release|Any CPU.ActiveCfg = Release|Any CPU
		{FD0A4F96-C2AD-41D2-8F06-E332590928F3}.Release|Any CPU.Build.0 = Release|Any CPU
		{0F50AFAD-8482-4D60-8AE0-FDF251146401}.Debug|Any CPU.ActiveCfg = Debug|Any CPU
		{0F50AFAD-8482-4D60-8AE0-FDF251146401}.Debug|Any CPU.Build.0 = Debug|Any CPU
		{0F50AFAD-8482-4D60-8AE0-FDF251146401}.Release|Any CPU.ActiveCfg = Release|Any CPU
		{0F50AFAD-8482-4D60-8AE0-FDF251146401}.Release|Any CPU.Build.0 = Release|Any CPU
		{95748E87-551F-4A29-AEC5-5D74CE8ECC44}.Debug|Any CPU.ActiveCfg = Debug|Any CPU
		{95748E87-551F-4A29-AEC5-5D74CE8ECC44}.Debug|Any CPU.Build.0 = Debug|Any CPU
		{95748E87-551F-4A29-AEC5-5D74CE8ECC44}.Release|Any CPU.ActiveCfg = Release|Any CPU
		{95748E87-551F-4A29-AEC5-5D74CE8ECC44}.Release|Any CPU.Build.0 = Release|Any CPU
	EndGlobalSection
	GlobalSection(SolutionProperties) = preSolution
		HideSolutionNode = FALSE
	EndGlobalSection
	GlobalSection(ExtensibilityGlobals) = postSolution
		SolutionGuid = {33BA3011-F6C5-4833-A4DD-9927872781BF}
	EndGlobalSection
EndGlobal
